// !$*UTF8*$!
{
	archiveVersion = 1;
	classes = {
	};
	objectVersion = 50;
	objects = {

/* Begin PBXBuildFile section */
		EB159FCA27A85A6E00F29E29 /* AppDelegate.swift in Sources */ = {isa = PBXBuildFile; fileRef = EB159FC927A85A6E00F29E29 /* AppDelegate.swift */; };
		EB159FCC27A85A6E00F29E29 /* SceneDelegate.swift in Sources */ = {isa = PBXBuildFile; fileRef = EB159FCB27A85A6E00F29E29 /* SceneDelegate.swift */; };
		EB159FCE27A85A6E00F29E29 /* ProductListViewController.swift in Sources */ = {isa = PBXBuildFile; fileRef = EB159FCD27A85A6E00F29E29 /* ProductListViewController.swift */; };
		EB159FD127A85A6E00F29E29 /* Main.storyboard in Resources */ = {isa = PBXBuildFile; fileRef = EB159FCF27A85A6E00F29E29 /* Main.storyboard */; };
		EB159FD327A85A7800F29E29 /* Assets.xcassets in Resources */ = {isa = PBXBuildFile; fileRef = EB159FD227A85A7800F29E29 /* Assets.xcassets */; };
		EB159FD627A85A7800F29E29 /* LaunchScreen.storyboard in Resources */ = {isa = PBXBuildFile; fileRef = EB159FD427A85A7800F29E29 /* LaunchScreen.storyboard */; };
		EB159FE327A85FB400F29E29 /* Product.swift in Sources */ = {isa = PBXBuildFile; fileRef = EB159FE227A85FB400F29E29 /* Product.swift */; };
		EB159FE727A8606300F29E29 /* ProductListTableViewCell.swift in Sources */ = {isa = PBXBuildFile; fileRef = EB159FE527A8606300F29E29 /* ProductListTableViewCell.swift */; };
		EB159FE827A8606300F29E29 /* ProductListTableViewCell.xib in Resources */ = {isa = PBXBuildFile; fileRef = EB159FE627A8606300F29E29 /* ProductListTableViewCell.xib */; };
		EB15A00527A8E90D00F29E29 /* ProductInCart.swift in Sources */ = {isa = PBXBuildFile; fileRef = EB15A00427A8E90D00F29E29 /* ProductInCart.swift */; };
		EB15A00827A8EF7900F29E29 /* Buyable.swift in Sources */ = {isa = PBXBuildFile; fileRef = EB15A00727A8EF7900F29E29 /* Buyable.swift */; };
		EBDBEC0427A9C67B0030AAE0 /* ShoppingCartViewController.swift in Sources */ = {isa = PBXBuildFile; fileRef = EBDBEC0327A9C67B0030AAE0 /* ShoppingCartViewController.swift */; };
		EBDBEC0C27A9E9EA0030AAE0 /* ShoppingCartTableViewCell.swift in Sources */ = {isa = PBXBuildFile; fileRef = EBDBEC0A27A9E9EA0030AAE0 /* ShoppingCartTableViewCell.swift */; };
		EBDBEC0D27A9E9EA0030AAE0 /* ShoppingCartTableViewCell.xib in Resources */ = {isa = PBXBuildFile; fileRef = EBDBEC0B27A9E9EA0030AAE0 /* ShoppingCartTableViewCell.xib */; };
/* End PBXBuildFile section */

/* Begin PBXFileReference section */
		EB159FC627A85A6E00F29E29 /* ShoppingCart.app */ = {isa = PBXFileReference; explicitFileType = wrapper.application; includeInIndex = 0; path = ShoppingCart.app; sourceTree = BUILT_PRODUCTS_DIR; };
		EB159FC927A85A6E00F29E29 /* AppDelegate.swift */ = {isa = PBXFileReference; lastKnownFileType = sourcecode.swift; path = AppDelegate.swift; sourceTree = "<group>"; };
		EB159FCB27A85A6E00F29E29 /* SceneDelegate.swift */ = {isa = PBXFileReference; lastKnownFileType = sourcecode.swift; path = SceneDelegate.swift; sourceTree = "<group>"; };
		EB159FCD27A85A6E00F29E29 /* ProductListViewController.swift */ = {isa = PBXFileReference; lastKnownFileType = sourcecode.swift; path = ProductListViewController.swift; sourceTree = "<group>"; };
		EB159FD027A85A6E00F29E29 /* Base */ = {isa = PBXFileReference; lastKnownFileType = file.storyboard; name = Base; path = Base.lproj/Main.storyboard; sourceTree = "<group>"; };
		EB159FD227A85A7800F29E29 /* Assets.xcassets */ = {isa = PBXFileReference; lastKnownFileType = folder.assetcatalog; path = Assets.xcassets; sourceTree = "<group>"; };
		EB159FD527A85A7800F29E29 /* Base */ = {isa = PBXFileReference; lastKnownFileType = file.storyboard; name = Base; path = Base.lproj/LaunchScreen.storyboard; sourceTree = "<group>"; };
		EB159FD727A85A7800F29E29 /* Info.plist */ = {isa = PBXFileReference; lastKnownFileType = text.plist.xml; path = Info.plist; sourceTree = "<group>"; };
		EB159FE227A85FB400F29E29 /* Product.swift */ = {isa = PBXFileReference; lastKnownFileType = sourcecode.swift; path = Product.swift; sourceTree = "<group>"; };
		EB159FE527A8606300F29E29 /* ProductListTableViewCell.swift */ = {isa = PBXFileReference; lastKnownFileType = sourcecode.swift; path = ProductListTableViewCell.swift; sourceTree = "<group>"; };
		EB159FE627A8606300F29E29 /* ProductListTableViewCell.xib */ = {isa = PBXFileReference; lastKnownFileType = file.xib; path = ProductListTableViewCell.xib; sourceTree = "<group>"; };
		EB15A00427A8E90D00F29E29 /* ProductInCart.swift */ = {isa = PBXFileReference; lastKnownFileType = sourcecode.swift; path = ProductInCart.swift; sourceTree = "<group>"; };
		EB15A00727A8EF7900F29E29 /* Buyable.swift */ = {isa = PBXFileReference; lastKnownFileType = sourcecode.swift; path = Buyable.swift; sourceTree = "<group>"; };
		EBDBEC0327A9C67B0030AAE0 /* ShoppingCartViewController.swift */ = {isa = PBXFileReference; lastKnownFileType = sourcecode.swift; path = ShoppingCartViewController.swift; sourceTree = "<group>"; };
		EBDBEC0A27A9E9EA0030AAE0 /* ShoppingCartTableViewCell.swift */ = {isa = PBXFileReference; lastKnownFileType = sourcecode.swift; path = ShoppingCartTableViewCell.swift; sourceTree = "<group>"; };
		EBDBEC0B27A9E9EA0030AAE0 /* ShoppingCartTableViewCell.xib */ = {isa = PBXFileReference; lastKnownFileType = file.xib; path = ShoppingCartTableViewCell.xib; sourceTree = "<group>"; };
/* End PBXFileReference section */

/* Begin PBXFrameworksBuildPhase section */
		EB159FC327A85A6E00F29E29 /* Frameworks */ = {
			isa = PBXFrameworksBuildPhase;
			buildActionMask = 2147483647;
			files = (
			);
			runOnlyForDeploymentPostprocessing = 0;
		};
/* End PBXFrameworksBuildPhase section */

/* Begin PBXGroup section */
		EB159FBD27A85A6E00F29E29 = {
			isa = PBXGroup;
			children = (
				EB159FC827A85A6E00F29E29 /* ShoppingCart */,
				EB159FC727A85A6E00F29E29 /* Products */,
			);
			sourceTree = "<group>";
		};
		EB159FC727A85A6E00F29E29 /* Products */ = {
			isa = PBXGroup;
			children = (
				EB159FC627A85A6E00F29E29 /* ShoppingCart.app */,
			);
			name = Products;
			sourceTree = "<group>";
		};
		EB159FC827A85A6E00F29E29 /* ShoppingCart */ = {
			isa = PBXGroup;
			children = (
				EB159FE027A85AC700F29E29 /* Controller */,
				EB159FDF27A85AC200F29E29 /* View */,
				EB159FDE27A85ABE00F29E29 /* Model */,
				EB15A01B27A9A8D400F29E29 /* Supporting Files */,
				EB159FD727A85A7800F29E29 /* Info.plist */,
			);
			path = ShoppingCart;
			sourceTree = "<group>";
		};
		EB159FDE27A85ABE00F29E29 /* Model */ = {
			isa = PBXGroup;
			children = (
				EB159FE227A85FB400F29E29 /* Product.swift */,
				EB15A00427A8E90D00F29E29 /* ProductInCart.swift */,
				EB15A00727A8EF7900F29E29 /* Buyable.swift */,
			);
			path = Model;
			sourceTree = "<group>";
		};
		EB159FDF27A85AC200F29E29 /* View */ = {
			isa = PBXGroup;
			children = (
				EB159FCF27A85A6E00F29E29 /* Main.storyboard */,
				EB159FE627A8606300F29E29 /* ProductListTableViewCell.xib */,
				EBDBEC0B27A9E9EA0030AAE0 /* ShoppingCartTableViewCell.xib */,
			);
			path = View;
			sourceTree = "<group>";
		};
		EB159FE027A85AC700F29E29 /* Controller */ = {
			isa = PBXGroup;
			children = (
				EB159FE527A8606300F29E29 /* ProductListTableViewCell.swift */,
				EB159FCD27A85A6E00F29E29 /* ProductListViewController.swift */,
				EBDBEC0327A9C67B0030AAE0 /* ShoppingCartViewController.swift */,
				EBDBEC0A27A9E9EA0030AAE0 /* ShoppingCartTableViewCell.swift */,
			);
			path = Controller;
			sourceTree = "<group>";
		};
		EB15A01B27A9A8D400F29E29 /* Supporting Files */ = {
			isa = PBXGroup;
			children = (
				EB159FC927A85A6E00F29E29 /* AppDelegate.swift */,
				EB159FCB27A85A6E00F29E29 /* SceneDelegate.swift */,
				EB159FD227A85A7800F29E29 /* Assets.xcassets */,
				EB159FD427A85A7800F29E29 /* LaunchScreen.storyboard */,
			);
			path = "Supporting Files";
			sourceTree = "<group>";
		};
/* End PBXGroup section */

/* Begin PBXNativeTarget section */
		EB159FC527A85A6E00F29E29 /* ShoppingCart */ = {
			isa = PBXNativeTarget;
			buildConfigurationList = EB159FDA27A85A7800F29E29 /* Build configuration list for PBXNativeTarget "ShoppingCart" */;
			buildPhases = (
				EB159FC227A85A6E00F29E29 /* Sources */,
				EB159FC327A85A6E00F29E29 /* Frameworks */,
				EB159FC427A85A6E00F29E29 /* Resources */,
			);
			buildRules = (
			);
			dependencies = (
			);
			name = ShoppingCart;
			productName = ShoppingCart;
			productReference = EB159FC627A85A6E00F29E29 /* ShoppingCart.app */;
			productType = "com.apple.product-type.application";
		};
/* End PBXNativeTarget section */

/* Begin PBXProject section */
		EB159FBE27A85A6E00F29E29 /* Project object */ = {
			isa = PBXProject;
			attributes = {
				LastSwiftUpdateCheck = 1240;
				LastUpgradeCheck = 1240;
				TargetAttributes = {
					EB159FC527A85A6E00F29E29 = {
						CreatedOnToolsVersion = 12.4;
					};
				};
			};
			buildConfigurationList = EB159FC127A85A6E00F29E29 /* Build configuration list for PBXProject "ShoppingCart" */;
			compatibilityVersion = "Xcode 9.3";
			developmentRegion = en;
			hasScannedForEncodings = 0;
			knownRegions = (
				en,
				Base,
			);
			mainGroup = EB159FBD27A85A6E00F29E29;
			productRefGroup = EB159FC727A85A6E00F29E29 /* Products */;
			projectDirPath = "";
			projectRoot = "";
			targets = (
				EB159FC527A85A6E00F29E29 /* ShoppingCart */,
			);
		};
/* End PBXProject section */

/* Begin PBXResourcesBuildPhase section */
		EB159FC427A85A6E00F29E29 /* Resources */ = {
			isa = PBXResourcesBuildPhase;
			buildActionMask = 2147483647;
			files = (
				EB159FD627A85A7800F29E29 /* LaunchScreen.storyboard in Resources */,
				EB159FE827A8606300F29E29 /* ProductListTableViewCell.xib in Resources */,
				EB159FD327A85A7800F29E29 /* Assets.xcassets in Resources */,
				EBDBEC0D27A9E9EA0030AAE0 /* ShoppingCartTableViewCell.xib in Resources */,
				EB159FD127A85A6E00F29E29 /* Main.storyboard in Resources */,
			);
			runOnlyForDeploymentPostprocessing = 0;
		};
/* End PBXResourcesBuildPhase section */

/* Begin PBXSourcesBuildPhase section */
		EB159FC227A85A6E00F29E29 /* Sources */ = {
			isa = PBXSourcesBuildPhase;
			buildActionMask = 2147483647;
			files = (
				EB159FE327A85FB400F29E29 /* Product.swift in Sources */,
				EBDBEC0C27A9E9EA0030AAE0 /* ShoppingCartTableViewCell.swift in Sources */,
				EB159FCE27A85A6E00F29E29 /* ProductListViewController.swift in Sources */,
				EB159FE727A8606300F29E29 /* ProductListTableViewCell.swift in Sources */,
				EB15A00827A8EF7900F29E29 /* Buyable.swift in Sources */,
				EB159FCA27A85A6E00F29E29 /* AppDelegate.swift in Sources */,
				EB15A00527A8E90D00F29E29 /* ProductInCart.swift in Sources */,
				EB159FCC27A85A6E00F29E29 /* SceneDelegate.swift in Sources */,
				EBDBEC0427A9C67B0030AAE0 /* ShoppingCartViewController.swift in Sources */,
			);
			runOnlyForDeploymentPostprocessing = 0;
		};
/* End PBXSourcesBuildPhase section */

/* Begin PBXVariantGroup section */
		EB159FCF27A85A6E00F29E29 /* Main.storyboard */ = {
			isa = PBXVariantGroup;
			children = (
				EB159FD027A85A6E00F29E29 /* Base */,
			);
			name = Main.storyboard;
			sourceTree = "<group>";
		};
		EB159FD427A85A7800F29E29 /* LaunchScreen.storyboard */ = {
			isa = PBXVariantGroup;
			children = (
				EB159FD527A85A7800F29E29 /* Base */,
			);
			name = LaunchScreen.storyboard;
			sourceTree = "<group>";
		};
/* End PBXVariantGroup section */

/* Begin XCBuildConfiguration section */
		EB159FD827A85A7800F29E29 /* Debug */ = {
			isa = XCBuildConfiguration;
			buildSettings = {
				ALWAYS_SEARCH_USER_PATHS = NO;
				CLANG_ANALYZER_NONNULL = YES;
				CLANG_ANALYZER_NUMBER_OBJECT_CONVERSION = YES_AGGRESSIVE;
				CLANG_CXX_LANGUAGE_STANDARD = "gnu++14";
				CLANG_CXX_LIBRARY = "libc++";
				CLANG_ENABLE_MODULES = YES;
				CLANG_ENABLE_OBJC_ARC = YES;
				CLANG_ENABLE_OBJC_WEAK = YES;
				CLANG_WARN_BLOCK_CAPTURE_AUTORELEASING = YES;
				CLANG_WARN_BOOL_CONVERSION = YES;
				CLANG_WARN_COMMA = YES;
				CLANG_WARN_CONSTANT_CONVERSION = YES;
				CLANG_WARN_DEPRECATED_OBJC_IMPLEMENTATIONS = YES;
				CLANG_WARN_DIRECT_OBJC_ISA_USAGE = YES_ERROR;
				CLANG_WARN_DOCUMENTATION_COMMENTS = YES;
				CLANG_WARN_EMPTY_BODY = YES;
				CLANG_WARN_ENUM_CONVERSION = YES;
				CLANG_WARN_INFINITE_RECURSION = YES;
				CLANG_WARN_INT_CONVERSION = YES;
				CLANG_WARN_NON_LITERAL_NULL_CONVERSION = YES;
				CLANG_WARN_OBJC_IMPLICIT_RETAIN_SELF = YES;
				CLANG_WARN_OBJC_LITERAL_CONVERSION = YES;
				CLANG_WARN_OBJC_ROOT_CLASS = YES_ERROR;
				CLANG_WARN_QUOTED_INCLUDE_IN_FRAMEWORK_HEADER = YES;
				CLANG_WARN_RANGE_LOOP_ANALYSIS = YES;
				CLANG_WARN_STRICT_PROTOTYPES = YES;
				CLANG_WARN_SUSPICIOUS_MOVE = YES;
				CLANG_WARN_UNGUARDED_AVAILABILITY = YES_AGGRESSIVE;
				CLANG_WARN_UNREACHABLE_CODE = YES;
				CLANG_WARN__DUPLICATE_METHOD_MATCH = YES;
				COPY_PHASE_STRIP = NO;
				DEBUG_INFORMATION_FORMAT = dwarf;
				ENABLE_STRICT_OBJC_MSGSEND = YES;
				ENABLE_TESTABILITY = YES;
				GCC_C_LANGUAGE_STANDARD = gnu11;
				GCC_DYNAMIC_NO_PIC = NO;
				GCC_NO_COMMON_BLOCKS = YES;
				GCC_OPTIMIZATION_LEVEL = 0;
				GCC_PREPROCESSOR_DEFINITIONS = (
					"DEBUG=1",
					"$(inherited)",
				);
				GCC_WARN_64_TO_32_BIT_CONVERSION = YES;
				GCC_WARN_ABOUT_RETURN_TYPE = YES_ERROR;
				GCC_WARN_UNDECLARED_SELECTOR = YES;
				GCC_WARN_UNINITIALIZED_AUTOS = YES_AGGRESSIVE;
				GCC_WARN_UNUSED_FUNCTION = YES;
				GCC_WARN_UNUSED_VARIABLE = YES;
				IPHONEOS_DEPLOYMENT_TARGET = 14.4;
				MTL_ENABLE_DEBUG_INFO = INCLUDE_SOURCE;
				MTL_FAST_MATH = YES;
				ONLY_ACTIVE_ARCH = YES;
				SDKROOT = iphoneos;
				SWIFT_ACTIVE_COMPILATION_CONDITIONS = DEBUG;
				SWIFT_OPTIMIZATION_LEVEL = "-Onone";
			};
			name = Debug;
		};
		EB159FD927A85A7800F29E29 /* Release */ = {
			isa = XCBuildConfiguration;
			buildSettings = {
				ALWAYS_SEARCH_USER_PATHS = NO;
				CLANG_ANALYZER_NONNULL = YES;
				CLANG_ANALYZER_NUMBER_OBJECT_CONVERSION = YES_AGGRESSIVE;
				CLANG_CXX_LANGUAGE_STANDARD = "gnu++14";
				CLANG_CXX_LIBRARY = "libc++";
				CLANG_ENABLE_MODULES = YES;
				CLANG_ENABLE_OBJC_ARC = YES;
				CLANG_ENABLE_OBJC_WEAK = YES;
				CLANG_WARN_BLOCK_CAPTURE_AUTORELEASING = YES;
				CLANG_WARN_BOOL_CONVERSION = YES;
				CLANG_WARN_COMMA = YES;
				CLANG_WARN_CONSTANT_CONVERSION = YES;
				CLANG_WARN_DEPRECATED_OBJC_IMPLEMENTATIONS = YES;
				CLANG_WARN_DIRECT_OBJC_ISA_USAGE = YES_ERROR;
				CLANG_WARN_DOCUMENTATION_COMMENTS = YES;
				CLANG_WARN_EMPTY_BODY = YES;
				CLANG_WARN_ENUM_CONVERSION = YES;
				CLANG_WARN_INFINITE_RECURSION = YES;
				CLANG_WARN_INT_CONVERSION = YES;
				CLANG_WARN_NON_LITERAL_NULL_CONVERSION = YES;
				CLANG_WARN_OBJC_IMPLICIT_RETAIN_SELF = YES;
				CLANG_WARN_OBJC_LITERAL_CONVERSION = YES;
				CLANG_WARN_OBJC_ROOT_CLASS = YES_ERROR;
				CLANG_WARN_QUOTED_INCLUDE_IN_FRAMEWORK_HEADER = YES;
				CLANG_WARN_RANGE_LOOP_ANALYSIS = YES;
				CLANG_WARN_STRICT_PROTOTYPES = YES;
				CLANG_WARN_SUSPICIOUS_MOVE = YES;
				CLANG_WARN_UNGUARDED_AVAILABILITY = YES_AGGRESSIVE;
				CLANG_WARN_UNREACHABLE_CODE = YES;
				CLANG_WARN__DUPLICATE_METHOD_MATCH = YES;
				COPY_PHASE_STRIP = NO;
				DEBUG_INFORMATION_FORMAT = "dwarf-with-dsym";
				ENABLE_NS_ASSERTIONS = NO;
				ENABLE_STRICT_OBJC_MSGSEND = YES;
				GCC_C_LANGUAGE_STANDARD = gnu11;
				GCC_NO_COMMON_BLOCKS = YES;
				GCC_WARN_64_TO_32_BIT_CONVERSION = YES;
				GCC_WARN_ABOUT_RETURN_TYPE = YES_ERROR;
				GCC_WARN_UNDECLARED_SELECTOR = YES;
				GCC_WARN_UNINITIALIZED_AUTOS = YES_AGGRESSIVE;
				GCC_WARN_UNUSED_FUNCTION = YES;
				GCC_WARN_UNUSED_VARIABLE = YES;
				IPHONEOS_DEPLOYMENT_TARGET = 14.4;
				MTL_ENABLE_DEBUG_INFO = NO;
				MTL_FAST_MATH = YES;
				SDKROOT = iphoneos;
				SWIFT_COMPILATION_MODE = wholemodule;
				SWIFT_OPTIMIZATION_LEVEL = "-O";
				VALIDATE_PRODUCT = YES;
			};
			name = Release;
		};
		EB159FDB27A85A7800F29E29 /* Debug */ = {
			isa = XCBuildConfiguration;
			buildSettings = {
				ASSETCATALOG_COMPILER_APPICON_NAME = AppIcon;
				ASSETCATALOG_COMPILER_GLOBAL_ACCENT_COLOR_NAME = AccentColor;
				CODE_SIGN_STYLE = Automatic;
				INFOPLIST_FILE = ShoppingCart/Info.plist;
				LD_RUNPATH_SEARCH_PATHS = (
					"$(inherited)",
					"@executable_path/Frameworks",
				);
				PRODUCT_BUNDLE_IDENTIFIER = com.pedrovalderrama.testingSi123.ShoppingCart;
				PRODUCT_NAME = "$(TARGET_NAME)";
				SWIFT_VERSION = 5.0;
				TARGETED_DEVICE_FAMILY = "1,2";
			};
			name = Debug;
		};
		EB159FDC27A85A7800F29E29 /* Release */ = {
			isa = XCBuildConfiguration;
			buildSettings = {
				ASSETCATALOG_COMPILER_APPICON_NAME = AppIcon;
				ASSETCATALOG_COMPILER_GLOBAL_ACCENT_COLOR_NAME = AccentColor;
				CODE_SIGN_STYLE = Automatic;
				INFOPLIST_FILE = ShoppingCart/Info.plist;
				LD_RUNPATH_SEARCH_PATHS = (
					"$(inherited)",
					"@executable_path/Frameworks",
				);
				PRODUCT_BUNDLE_IDENTIFIER = com.pedrovalderrama.testingSi123.ShoppingCart;
				PRODUCT_NAME = "$(TARGET_NAME)";
				SWIFT_VERSION = 5.0;
				TARGETED_DEVICE_FAMILY = "1,2";
			};
			name = Release;
		};
/* End XCBuildConfiguration section */

/* Begin XCConfigurationList section */
		EB159FC127A85A6E00F29E29 /* Build configuration list for PBXProject "ShoppingCart" */ = {
			isa = XCConfigurationList;
			buildConfigurations = (
				EB159FD827A85A7800F29E29 /* Debug */,
				EB159FD927A85A7800F29E29 /* Release */,
			);
			defaultConfigurationIsVisible = 0;
			defaultConfigurationName = Release;
		};
		EB159FDA27A85A7800F29E29 /* Build configuration list for PBXNativeTarget "ShoppingCart" */ = {
			isa = XCConfigurationList;
			buildConfigurations = (
				EB159FDB27A85A7800F29E29 /* Debug */,
				EB159FDC27A85A7800F29E29 /* Release */,
			);
			defaultConfigurationIsVisible = 0;
			defaultConfigurationName = Release;
		};
/* End XCConfigurationList section */
	};
	rootObject = EB159FBE27A85A6E00F29E29 /* Project object */;
}
